
Microsoft Visual Studio Solution File, Format Version 12.00
# Visual Studio Version 16
VisualStudioVersion = 16.0.31911.196
MinimumVisualStudioVersion = 10.0.40219.1
Project("{FAE04EC0-301F-11D3-BF4B-00C04F79EFBC}") = "Day01", "Day01\Day01.csproj", "{5019C3A2-6E15-4AC2-9EFE-E24CC2195445}"
EndProject
Project("{FAE04EC0-301F-11D3-BF4B-00C04F79EFBC}") = "Common", "Common\Common.csproj", "{71144610-E2ED-49C2-A8EE-FC13AD3BCD3B}"
EndProject
Global
	GlobalSection(SolutionConfigurationPlatforms) = preSolution
		Debug|Any CPU = Debug|Any CPU
		Release|Any CPU = Release|Any CPU
	EndGlobalSection
	GlobalSection(ProjectConfigurationPlatforms) = postSolution
		{5019C3A2-6E15-4AC2-9EFE-E24CC2195445}.Debug|Any CPU.ActiveCfg = Debug|Any CPU
		{5019C3A2-6E15-4AC2-9EFE-E24CC2195445}.Debug|Any CPU.Build.0 = Debug|Any CPU
		{5019C3A2-6E15-4AC2-9EFE-E24CC2195445}.Release|Any CPU.ActiveCfg = Release|Any CPU
		{5019C3A2-6E15-4AC2-9EFE-E24CC2195445}.Release|Any CPU.Build.0 = Release|Any CPU
		{71144610-E2ED-49C2-A8EE-FC13AD3BCD3B}.Debug|Any CPU.ActiveCfg = Debug|Any CPU
		{71144610-E2ED-49C2-A8EE-FC13AD3BCD3B}.Debug|Any CPU.Build.0 = Debug|Any CPU
		{71144610-E2ED-49C2-A8EE-FC13AD3BCD3B}.Release|Any CPU.ActiveCfg = Release|Any CPU
		{71144610-E2ED-49C2-A8EE-FC13AD3BCD3B}.Release|Any CPU.Build.0 = Release|Any CPU
	EndGlobalSection
	GlobalSection(SolutionProperties) = preSolution
		HideSolutionNode = FALSE
	EndGlobalSection
	GlobalSection(ExtensibilityGlobals) = postSolution
		SolutionGuid = {0A2FC972-5C10-4BB0-86AA-CC518BC0A6A5}
	EndGlobalSection
EndGlobal
